
Microsoft Visual Studio Solution File, Format Version 12.00
# Visual Studio Version 17
VisualStudioVersion = 17.10.35122.118
MinimumVisualStudioVersion = 10.0.40219.1
Project("{FAE04EC0-301F-11D3-BF4B-00C04F79EFBC}") = "AaaS.Services", "AaaS.Services\AaaS.Services.csproj", "{B9942A47-5EF0-422B-A667-1F0385AF1A26}"
EndProject
Project("{FAE04EC0-301F-11D3-BF4B-00C04F79EFBC}") = "AaaS.Services.Tests", "AaaS.Services.Tests\AaaS.Services.Tests.csproj", "{1CF1A37D-E35E-457F-9176-D90876B75CD5}"
EndProject
Global
	GlobalSection(SolutionConfigurationPlatforms) = preSolution
		Debug|Any CPU = Debug|Any CPU
		Release|Any CPU = Release|Any CPU
	EndGlobalSection
	GlobalSection(ProjectConfigurationPlatforms) = postSolution
		{B9942A47-5EF0-422B-A667-1F0385AF1A26}.Debug|Any CPU.ActiveCfg = Debug|Any CPU
		{B9942A47-5EF0-422B-A667-1F0385AF1A26}.Debug|Any CPU.Build.0 = Debug|Any CPU
		{B9942A47-5EF0-422B-A667-1F0385AF1A26}.Release|Any CPU.ActiveCfg = Release|Any CPU
		{B9942A47-5EF0-422B-A667-1F0385AF1A26}.Release|Any CPU.Build.0 = Release|Any CPU
		{1CF1A37D-E35E-457F-9176-D90876B75CD5}.Debug|Any CPU.ActiveCfg = Debug|Any CPU
		{1CF1A37D-E35E-457F-9176-D90876B75CD5}.Debug|Any CPU.Build.0 = Debug|Any CPU
		{1CF1A37D-E35E-457F-9176-D90876B75CD5}.Release|Any CPU.ActiveCfg = Release|Any CPU
		{1CF1A37D-E35E-457F-9176-D90876B75CD5}.Release|Any CPU.Build.0 = Release|Any CPU
	EndGlobalSection
	GlobalSection(SolutionProperties) = preSolution
		HideSolutionNode = FALSE
	EndGlobalSection
	GlobalSection(ExtensibilityGlobals) = postSolution
		SolutionGuid = {D54DAF3F-34EA-4753-99A3-437824334549}
	EndGlobalSection
EndGlobal
